
Microsoft Visual Studio Solution File, Format Version 12.00
# Visual Studio Version 17
VisualStudioVersion = 17.7.34031.279
MinimumVisualStudioVersion = 10.0.40219.1
Project("{FAE04EC0-301F-11D3-BF4B-00C04F79EFBC}") = "CheckGitAndNode", "CheckGitAndNode\CheckGitAndNode.csproj", "{80E2E175-4F8E-45F4-9B22-CC510C4D356B}"
EndProject
Global
	GlobalSection(SolutionConfigurationPlatforms) = preSolution
		Debug|Any CPU = Debug|Any CPU
		Release|Any CPU = Release|Any CPU
	EndGlobalSection
	GlobalSection(ProjectConfigurationPlatforms) = postSolution
		{80E2E175-4F8E-45F4-9B22-CC510C4D356B}.Debug|Any CPU.ActiveCfg = Debug|Any CPU
		{80E2E175-4F8E-45F4-9B22-CC510C4D356B}.Debug|Any CPU.Build.0 = Debug|Any CPU
		{80E2E175-4F8E-45F4-9B22-CC510C4D356B}.Release|Any CPU.ActiveCfg = Release|Any CPU
		{80E2E175-4F8E-45F4-9B22-CC510C4D356B}.Release|Any CPU.Build.0 = Release|Any CPU
	EndGlobalSection
	GlobalSection(SolutionProperties) = preSolution
		HideSolutionNode = FALSE
	EndGlobalSection
	GlobalSection(ExtensibilityGlobals) = postSolution
		SolutionGuid = {E0613906-831E-4EEA-9E71-08A53E16D6FB}
	EndGlobalSection
EndGlobal
